
Microsoft Visual Studio Solution File, Format Version 12.00
# Visual Studio Version 17
VisualStudioVersion = 17.0.32112.339
MinimumVisualStudioVersion = 10.0.40219.1
Project("{9A19103F-16F7-4668-BE54-9A1E7A4F7556}") = "PCL.Server", "PCL\Server\PCL.Server.csproj", "{DFC848D9-B2DE-472B-8FEB-3242482B5A36}"
EndProject
Project("{9A19103F-16F7-4668-BE54-9A1E7A4F7556}") = "PCL.Client", "PCL\Client\PCL.Client.csproj", "{701B6731-70F2-4D58-AE1F-1379778E3A3B}"
EndProject
Project("{9A19103F-16F7-4668-BE54-9A1E7A4F7556}") = "PCL.Shared", "PCL\Shared\PCL.Shared.csproj", "{F4C6D800-31C0-4670-AF47-43AC87580574}"
EndProject
Global
	GlobalSection(SolutionConfigurationPlatforms) = preSolution
		Debug|Any CPU = Debug|Any CPU
		Release|Any CPU = Release|Any CPU
	EndGlobalSection
	GlobalSection(ProjectConfigurationPlatforms) = postSolution
		{DFC848D9-B2DE-472B-8FEB-3242482B5A36}.Debug|Any CPU.ActiveCfg = Debug|Any CPU
		{DFC848D9-B2DE-472B-8FEB-3242482B5A36}.Debug|Any CPU.Build.0 = Debug|Any CPU
		{DFC848D9-B2DE-472B-8FEB-3242482B5A36}.Release|Any CPU.ActiveCfg = Release|Any CPU
		{DFC848D9-B2DE-472B-8FEB-3242482B5A36}.Release|Any CPU.Build.0 = Release|Any CPU
		{701B6731-70F2-4D58-AE1F-1379778E3A3B}.Debug|Any CPU.ActiveCfg = Debug|Any CPU
		{701B6731-70F2-4D58-AE1F-1379778E3A3B}.Debug|Any CPU.Build.0 = Debug|Any CPU
		{701B6731-70F2-4D58-AE1F-1379778E3A3B}.Release|Any CPU.ActiveCfg = Release|Any CPU
		{701B6731-70F2-4D58-AE1F-1379778E3A3B}.Release|Any CPU.Build.0 = Release|Any CPU
		{F4C6D800-31C0-4670-AF47-43AC87580574}.Debug|Any CPU.ActiveCfg = Debug|Any CPU
		{F4C6D800-31C0-4670-AF47-43AC87580574}.Debug|Any CPU.Build.0 = Debug|Any CPU
		{F4C6D800-31C0-4670-AF47-43AC87580574}.Release|Any CPU.ActiveCfg = Release|Any CPU
		{F4C6D800-31C0-4670-AF47-43AC87580574}.Release|Any CPU.Build.0 = Release|Any CPU
	EndGlobalSection
	GlobalSection(SolutionProperties) = preSolution
		HideSolutionNode = FALSE
	EndGlobalSection
	GlobalSection(ExtensibilityGlobals) = postSolution
		SolutionGuid = {DF7448C2-C98A-45B4-99ED-89BE0C76F4C1}
	EndGlobalSection
EndGlobal
